
Microsoft Visual Studio Solution File, Format Version 12.00
# Visual Studio 15
VisualStudioVersion = 15.0.27703.1
MinimumVisualStudioVersion = 10.0.40219.1
Project("{FAE04EC0-301F-11D3-BF4B-00C04F79EFBC}") = "XamarinInegi.Android", "XamarinInegi\XamarinInegi.Android\XamarinInegi.Android.csproj", "{F0833F61-39A3-4FAE-9CEF-EB89629EDD45}"
EndProject
Project("{FAE04EC0-301F-11D3-BF4B-00C04F79EFBC}") = "XamarinInegi.iOS", "XamarinInegi\XamarinInegi.iOS\XamarinInegi.iOS.csproj", "{9B79FAF9-7D0A-4C33-B549-B230ADF41CF6}"
EndProject
Project("{FAE04EC0-301F-11D3-BF4B-00C04F79EFBC}") = "XamarinInegi.UWP", "XamarinInegi\XamarinInegi.UWP\XamarinInegi.UWP.csproj", "{6FA77974-2A8F-427A-B3A9-C8D01428C12A}"
EndProject
Project("{9A19103F-16F7-4668-BE54-9A1E7A4F7556}") = "XamarinInegi", "XamarinInegi\XamarinInegi\XamarinInegi.csproj", "{759478FA-DAA9-47CF-973A-52B81C3426EB}"
EndProject
Global
	GlobalSection(SolutionConfigurationPlatforms) = preSolution
		Ad-Hoc|Any CPU = Ad-Hoc|Any CPU
		Ad-Hoc|ARM = Ad-Hoc|ARM
		Ad-Hoc|iPhone = Ad-Hoc|iPhone
		Ad-Hoc|iPhoneSimulator = Ad-Hoc|iPhoneSimulator
		Ad-Hoc|x64 = Ad-Hoc|x64
		Ad-Hoc|x86 = Ad-Hoc|x86
		AppStore|Any CPU = AppStore|Any CPU
		AppStore|ARM = AppStore|ARM
		AppStore|iPhone = AppStore|iPhone
		AppStore|iPhoneSimulator = AppStore|iPhoneSimulator
		AppStore|x64 = AppStore|x64
		AppStore|x86 = AppStore|x86
		Debug|Any CPU = Debug|Any CPU
		Debug|ARM = Debug|ARM
		Debug|iPhone = Debug|iPhone
		Debug|iPhoneSimulator = Debug|iPhoneSimulator
		Debug|x64 = Debug|x64
		Debug|x86 = Debug|x86
		Release|Any CPU = Release|Any CPU
		Release|ARM = Release|ARM
		Release|iPhone = Release|iPhone
		Release|iPhoneSimulator = Release|iPhoneSimulator
		Release|x64 = Release|x64
		Release|x86 = Release|x86
	EndGlobalSection
	GlobalSection(ProjectConfigurationPlatforms) = postSolution
		{F0833F61-39A3-4FAE-9CEF-EB89629EDD45}.Ad-Hoc|Any CPU.ActiveCfg = Release|Any CPU
		{F0833F61-39A3-4FAE-9CEF-EB89629EDD45}.Ad-Hoc|Any CPU.Build.0 = Release|Any CPU
		{F0833F61-39A3-4FAE-9CEF-EB89629EDD45}.Ad-Hoc|Any CPU.Deploy.0 = Release|Any CPU
		{F0833F61-39A3-4FAE-9CEF-EB89629EDD45}.Ad-Hoc|ARM.ActiveCfg = Release|Any CPU
		{F0833F61-39A3-4FAE-9CEF-EB89629EDD45}.Ad-Hoc|ARM.Build.0 = Release|Any CPU
		{F0833F61-39A3-4FAE-9CEF-EB89629EDD45}.Ad-Hoc|ARM.Deploy.0 = Release|Any CPU
		{F0833F61-39A3-4FAE-9CEF-EB89629EDD45}.Ad-Hoc|iPhone.ActiveCfg = Release|Any CPU
		{F0833F61-39A3-4FAE-9CEF-EB89629EDD45}.Ad-Hoc|iPhone.Build.0 = Release|Any CPU
		{F0833F61-39A3-4FAE-9CEF-EB89629EDD45}.Ad-Hoc|iPhone.Deploy.0 = Release|Any CPU
		{F0833F61-39A3-4FAE-9CEF-EB89629EDD45}.Ad-Hoc|iPhoneSimulator.ActiveCfg = Release|Any CPU
		{F0833F61-39A3-4FAE-9CEF-EB89629EDD45}.Ad-Hoc|iPhoneSimulator.Build.0 = Release|Any CPU
		{F0833F61-39A3-4FAE-9CEF-EB89629EDD45}.Ad-Hoc|iPhoneSimulator.Deploy.0 = Release|Any CPU
		{F0833F61-39A3-4FAE-9CEF-EB89629EDD45}.Ad-Hoc|x64.ActiveCfg = Release|Any CPU
		{F0833F61-39A3-4FAE-9CEF-EB89629EDD45}.Ad-Hoc|x64.Build.0 = Release|Any CPU
		{F0833F61-39A3-4FAE-9CEF-EB89629EDD45}.Ad-Hoc|x64.Deploy.0 = Release|Any CPU
		{F0833F61-39A3-4FAE-9CEF-EB89629EDD45}.Ad-Hoc|x86.ActiveCfg = Release|Any CPU
		{F0833F61-39A3-4FAE-9CEF-EB89629EDD45}.Ad-Hoc|x86.Build.0 = Release|Any CPU
		{F0833F61-39A3-4FAE-9CEF-EB89629EDD45}.Ad-Hoc|x86.Deploy.0 = Release|Any CPU
		{F0833F61-39A3-4FAE-9CEF-EB89629EDD45}.AppStore|Any CPU.ActiveCfg = Release|Any CPU
		{F0833F61-39A3-4FAE-9CEF-EB89629EDD45}.AppStore|Any CPU.Build.0 = Release|Any CPU
		{F0833F61-39A3-4FAE-9CEF-EB89629EDD45}.AppStore|Any CPU.Deploy.0 = Release|Any CPU
		{F0833F61-39A3-4FAE-9CEF-EB89629EDD45}.AppStore|ARM.ActiveCfg = Release|Any CPU
		{F0833F61-39A3-4FAE-9CEF-EB89629EDD45}.AppStore|ARM.Build.0 = Release|Any CPU
		{F0833F61-39A3-4FAE-9CEF-EB89629EDD45}.AppStore|ARM.Deploy.0 = Release|Any CPU
		{F0833F61-39A3-4FAE-9CEF-EB89629EDD45}.AppStore|iPhone.ActiveCfg = Release|Any CPU
		{F0833F61-39A3-4FAE-9CEF-EB89629EDD45}.AppStore|iPhone.Build.0 = Release|Any CPU
		{F0833F61-39A3-4FAE-9CEF-EB89629EDD45}.AppStore|iPhone.Deploy.0 = Release|Any CPU
		{F0833F61-39A3-4FAE-9CEF-EB89629EDD45}.AppStore|iPhoneSimulator.ActiveCfg = Release|Any CPU
		{F0833F61-39A3-4FAE-9CEF-EB89629EDD45}.AppStore|iPhoneSimulator.Build.0 = Release|Any CPU
		{F0833F61-39A3-4FAE-9CEF-EB89629EDD45}.AppStore|iPhoneSimulator.Deploy.0 = Release|Any CPU
		{F0833F61-39A3-4FAE-9CEF-EB89629EDD45}.AppStore|x64.ActiveCfg = Release|Any CPU
		{F0833F61-39A3-4FAE-9CEF-EB89629EDD45}.AppStore|x64.Build.0 = Release|Any CPU
		{F0833F61-39A3-4FAE-9CEF-EB89629EDD45}.AppStore|x64.Deploy.0 = Release|Any CPU
		{F0833F61-39A3-4FAE-9CEF-EB89629EDD45}.AppStore|x86.ActiveCfg = Release|Any CPU
		{F0833F61-39A3-4FAE-9CEF-EB89629EDD45}.AppStore|x86.Build.0 = Release|Any CPU
		{F0833F61-39A3-4FAE-9CEF-EB89629EDD45}.AppStore|x86.Deploy.0 = Release|Any CPU
		{F0833F61-39A3-4FAE-9CEF-EB89629EDD45}.Debug|Any CPU.ActiveCfg = Debug|Any CPU
		{F0833F61-39A3-4FAE-9CEF-EB89629EDD45}.Debug|Any CPU.Build.0 = Debug|Any CPU
		{F0833F61-39A3-4FAE-9CEF-EB89629EDD45}.Debug|Any CPU.Deploy.0 = Debug|Any CPU
		{F0833F61-39A3-4FAE-9CEF-EB89629EDD45}.Debug|ARM.ActiveCfg = Debug|Any CPU
		{F0833F61-39A3-4FAE-9CEF-EB89629EDD45}.Debug|ARM.Build.0 = Debug|Any CPU
		{F0833F61-39A3-4FAE-9CEF-EB89629EDD45}.Debug|ARM.Deploy.0 = Debug|Any CPU
		{F0833F61-39A3-4FAE-9CEF-EB89629EDD45}.Debug|iPhone.ActiveCfg = Debug|Any CPU
		{F0833F61-39A3-4FAE-9CEF-EB89629EDD45}.Debug|iPhone.Build.0 = Debug|Any CPU
		{F0833F61-39A3-4FAE-9CEF-EB89629EDD45}.Debug|iPhone.Deploy.0 = Debug|Any CPU
		{F0833F61-39A3-4FAE-9CEF-EB89629EDD45}.Debug|iPhoneSimulator.ActiveCfg = Debug|Any CPU
		{F0833F61-39A3-4FAE-9CEF-EB89629EDD45}.Debug|iPhoneSimulator.Build.0 = Debug|Any CPU
		{F0833F61-39A3-4FAE-9CEF-EB89629EDD45}.Debug|iPhoneSimulator.Deploy.0 = Debug|Any CPU
		{F0833F61-39A3-4FAE-9CEF-EB89629EDD45}.Debug|x64.ActiveCfg = Debug|Any CPU
		{F0833F61-39A3-4FAE-9CEF-EB89629EDD45}.Debug|x64.Build.0 = Debug|Any CPU
		{F0833F61-39A3-4FAE-9CEF-EB89629EDD45}.Debug|x64.Deploy.0 = Debug|Any CPU
		{F0833F61-39A3-4FAE-9CEF-EB89629EDD45}.Debug|x86.ActiveCfg = Debug|Any CPU
		{F0833F61-39A3-4FAE-9CEF-EB89629EDD45}.Debug|x86.Build.0 = Debug|Any CPU
		{F0833F61-39A3-4FAE-9CEF-EB89629EDD45}.Debug|x86.Deploy.0 = Debug|Any CPU
		{F0833F61-39A3-4FAE-9CEF-EB89629EDD45}.Release|Any CPU.ActiveCfg = Release|Any CPU
		{F0833F61-39A3-4FAE-9CEF-EB89629EDD45}.Release|Any CPU.Build.0 = Release|Any CPU
		{F0833F61-39A3-4FAE-9CEF-EB89629EDD45}.Release|Any CPU.Deploy.0 = Release|Any CPU
		{F0833F61-39A3-4FAE-9CEF-EB89629EDD45}.Release|ARM.ActiveCfg = Release|Any CPU
		{F0833F61-39A3-4FAE-9CEF-EB89629EDD45}.Release|ARM.Build.0 = Release|Any CPU
		{F0833F61-39A3-4FAE-9CEF-EB89629EDD45}.Release|ARM.Deploy.0 = Release|Any CPU
		{F0833F61-39A3-4FAE-9CEF-EB89629EDD45}.Release|iPhone.ActiveCfg = Release|Any CPU
		{F0833F61-39A3-4FAE-9CEF-EB89629EDD45}.Release|iPhone.Build.0 = Release|Any CPU
		{F0833F61-39A3-4FAE-9CEF-EB89629EDD45}.Release|iPhone.Deploy.0 = Release|Any CPU
		{F0833F61-39A3-4FAE-9CEF-EB89629EDD45}.Release|iPhoneSimulator.ActiveCfg = Release|Any CPU
		{F0833F61-39A3-4FAE-9CEF-EB89629EDD45}.Release|iPhoneSimulator.Build.0 = Release|Any CPU
		{F0833F61-39A3-4FAE-9CEF-EB89629EDD45}.Release|iPhoneSimulator.Deploy.0 = Release|Any CPU
		{F0833F61-39A3-4FAE-9CEF-EB89629EDD45}.Release|x64.ActiveCfg = Release|Any CPU
		{F0833F61-39A3-4FAE-9CEF-EB89629EDD45}.Release|x64.Build.0 = Release|Any CPU
		{F0833F61-39A3-4FAE-9CEF-EB89629EDD45}.Release|x64.Deploy.0 = Release|Any CPU
		{F0833F61-39A3-4FAE-9CEF-EB89629EDD45}.Release|x86.ActiveCfg = Release|Any CPU
		{F0833F61-39A3-4FAE-9CEF-EB89629EDD45}.Release|x86.Build.0 = Release|Any CPU
		{F0833F61-39A3-4FAE-9CEF-EB89629EDD45}.Release|x86.Deploy.0 = Release|Any CPU
		{9B79FAF9-7D0A-4C33-B549-B230ADF41CF6}.Ad-Hoc|Any CPU.ActiveCfg = Ad-Hoc|iPhone
		{9B79FAF9-7D0A-4C33-B549-B230ADF41CF6}.Ad-Hoc|Any CPU.Build.0 = Ad-Hoc|iPhone
		{9B79FAF9-7D0A-4C33-B549-B230ADF41CF6}.Ad-Hoc|Any CPU.Deploy.0 = Ad-Hoc|iPhone
		{9B79FAF9-7D0A-4C33-B549-B230ADF41CF6}.Ad-Hoc|ARM.ActiveCfg = Ad-Hoc|iPhone
		{9B79FAF9-7D0A-4C33-B549-B230ADF41CF6}.Ad-Hoc|ARM.Build.0 = Ad-Hoc|iPhone
		{9B79FAF9-7D0A-4C33-B549-B230ADF41CF6}.Ad-Hoc|ARM.Deploy.0 = Ad-Hoc|iPhone
		{9B79FAF9-7D0A-4C33-B549-B230ADF41CF6}.Ad-Hoc|iPhone.ActiveCfg = Ad-Hoc|iPhone
		{9B79FAF9-7D0A-4C33-B549-B230ADF41CF6}.Ad-Hoc|iPhone.Build.0 = Ad-Hoc|iPhone
		{9B79FAF9-7D0A-4C33-B549-B230ADF41CF6}.Ad-Hoc|iPhone.Deploy.0 = Ad-Hoc|iPhone
		{9B79FAF9-7D0A-4C33-B549-B230ADF41CF6}.Ad-Hoc|iPhoneSimulator.ActiveCfg = Ad-Hoc|iPhoneSimulator
		{9B79FAF9-7D0A-4C33-B549-B230ADF41CF6}.Ad-Hoc|iPhoneSimulator.Build.0 = Ad-Hoc|iPhoneSimulator
		{9B79FAF9-7D0A-4C33-B549-B230ADF41CF6}.Ad-Hoc|iPhoneSimulator.Deploy.0 = Ad-Hoc|iPhoneSimulator
		{9B79FAF9-7D0A-4C33-B549-B230ADF41CF6}.Ad-Hoc|x64.ActiveCfg = Ad-Hoc|iPhone
		{9B79FAF9-7D0A-4C33-B549-B230ADF41CF6}.Ad-Hoc|x64.Build.0 = Ad-Hoc|iPhone
		{9B79FAF9-7D0A-4C33-B549-B230ADF41CF6}.Ad-Hoc|x64.Deploy.0 = Ad-Hoc|iPhone
		{9B79FAF9-7D0A-4C33-B549-B230ADF41CF6}.Ad-Hoc|x86.ActiveCfg = Ad-Hoc|iPhone
		{9B79FAF9-7D0A-4C33-B549-B230ADF41CF6}.Ad-Hoc|x86.Build.0 = Ad-Hoc|iPhone
		{9B79FAF9-7D0A-4C33-B549-B230ADF41CF6}.Ad-Hoc|x86.Deploy.0 = Ad-Hoc|iPhone
		{9B79FAF9-7D0A-4C33-B549-B230ADF41CF6}.AppStore|Any CPU.ActiveCfg = AppStore|iPhone
		{9B79FAF9-7D0A-4C33-B549-B230ADF41CF6}.AppStore|Any CPU.Build.0 = AppStore|iPhone
		{9B79FAF9-7D0A-4C33-B549-B230ADF41CF6}.AppStore|Any CPU.Deploy.0 = AppStore|iPhone
		{9B79FAF9-7D0A-4C33-B549-B230ADF41CF6}.AppStore|ARM.ActiveCfg = AppStore|iPhone
		{9B79FAF9-7D0A-4C33-B549-B230ADF41CF6}.AppStore|ARM.Build.0 = AppStore|iPhone
		{9B79FAF9-7D0A-4C33-B549-B230ADF41CF6}.AppStore|ARM.Deploy.0 = AppStore|iPhone
		{9B79FAF9-7D0A-4C33-B549-B230ADF41CF6}.AppStore|iPhone.ActiveCfg = AppStore|iPhone
		{9B79FAF9-7D0A-4C33-B549-B230ADF41CF6}.AppStore|iPhone.Build.0 = AppStore|iPhone
		{9B79FAF9-7D0A-4C33-B549-B230ADF41CF6}.AppStore|iPhone.Deploy.0 = AppStore|iPhone
		{9B79FAF9-7D0A-4C33-B549-B230ADF41CF6}.AppStore|iPhoneSimulator.ActiveCfg = AppStore|iPhoneSimulator
		{9B79FAF9-7D0A-4C33-B549-B230ADF41CF6}.AppStore|iPhoneSimulator.Build.0 = AppStore|iPhoneSimulator
		{9B79FAF9-7D0A-4C33-B549-B230ADF41CF6}.AppStore|iPhoneSimulator.Deploy.0 = AppStore|iPhoneSimulator
		{9B79FAF9-7D0A-4C33-B549-B230ADF41CF6}.AppStore|x64.ActiveCfg = AppStore|iPhone
		{9B79FAF9-7D0A-4C33-B549-B230ADF41CF6}.AppStore|x64.Build.0 = AppStore|iPhone
		{9B79FAF9-7D0A-4C33-B549-B230ADF41CF6}.AppStore|x64.Deploy.0 = AppStore|iPhone
		{9B79FAF9-7D0A-4C33-B549-B230ADF41CF6}.AppStore|x86.ActiveCfg = AppStore|iPhone
		{9B79FAF9-7D0A-4C33-B549-B230ADF41CF6}.AppStore|x86.Build.0 = AppStore|iPhone
		{9B79FAF9-7D0A-4C33-B549-B230ADF41CF6}.AppStore|x86.Deploy.0 = AppStore|iPhone
		{9B79FAF9-7D0A-4C33-B549-B230ADF41CF6}.Debug|Any CPU.ActiveCfg = Debug|iPhoneSimulator
		{9B79FAF9-7D0A-4C33-B549-B230ADF41CF6}.Debug|Any CPU.Build.0 = Debug|iPhoneSimulator
		{9B79FAF9-7D0A-4C33-B549-B230ADF41CF6}.Debug|Any CPU.Deploy.0 = Debug|iPhoneSimulator
		{9B79FAF9-7D0A-4C33-B549-B230ADF41CF6}.Debug|ARM.ActiveCfg = Debug|iPhone
		{9B79FAF9-7D0A-4C33-B549-B230ADF41CF6}.Debug|ARM.Build.0 = Debug|iPhone
		{9B79FAF9-7D0A-4C33-B549-B230ADF41CF6}.Debug|ARM.Deploy.0 = Debug|iPhone
		{9B79FAF9-7D0A-4C33-B549-B230ADF41CF6}.Debug|iPhone.ActiveCfg = Debug|iPhone
		{9B79FAF9-7D0A-4C33-B549-B230ADF41CF6}.Debug|iPhone.Build.0 = Debug|iPhone
		{9B79FAF9-7D0A-4C33-B549-B230ADF41CF6}.Debug|iPhone.Deploy.0 = Debug|iPhone
		{9B79FAF9-7D0A-4C33-B549-B230ADF41CF6}.Debug|iPhoneSimulator.ActiveCfg = Debug|iPhoneSimulator
		{9B79FAF9-7D0A-4C33-B549-B230ADF41CF6}.Debug|iPhoneSimulator.Build.0 = Debug|iPhoneSimulator
		{9B79FAF9-7D0A-4C33-B549-B230ADF41CF6}.Debug|iPhoneSimulator.Deploy.0 = Debug|iPhoneSimulator
		{9B79FAF9-7D0A-4C33-B549-B230ADF41CF6}.Debug|x64.ActiveCfg = Debug|iPhone
		{9B79FAF9-7D0A-4C33-B549-B230ADF41CF6}.Debug|x64.Build.0 = Debug|iPhone
		{9B79FAF9-7D0A-4C33-B549-B230ADF41CF6}.Debug|x64.Deploy.0 = Debug|iPhone
		{9B79FAF9-7D0A-4C33-B549-B230ADF41CF6}.Debug|x86.ActiveCfg = Debug|iPhone
		{9B79FAF9-7D0A-4C33-B549-B230ADF41CF6}.Debug|x86.Build.0 = Debug|iPhone
		{9B79FAF9-7D0A-4C33-B549-B230ADF41CF6}.Debug|x86.Deploy.0 = Debug|iPhone
		{9B79FAF9-7D0A-4C33-B549-B230ADF41CF6}.Release|Any CPU.ActiveCfg = Release|iPhone
		{9B79FAF9-7D0A-4C33-B549-B230ADF41CF6}.Release|Any CPU.Build.0 = Release|iPhone
		{9B79FAF9-7D0A-4C33-B549-B230ADF41CF6}.Release|Any CPU.Deploy.0 = Release|iPhone
		{9B79FAF9-7D0A-4C33-B549-B230ADF41CF6}.Release|ARM.ActiveCfg = Release|iPhone
		{9B79FAF9-7D0A-4C33-B549-B230ADF41CF6}.Release|ARM.Build.0 = Release|iPhone
		{9B79FAF9-7D0A-4C33-B549-B230ADF41CF6}.Release|ARM.Deploy.0 = Release|iPhone
		{9B79FAF9-7D0A-4C33-B549-B230ADF41CF6}.Release|iPhone.ActiveCfg = Release|iPhone
		{9B79FAF9-7D0A-4C33-B549-B230ADF41CF6}.Release|iPhone.Build.0 = Release|iPhone
		{9B79FAF9-7D0A-4C33-B549-B230ADF41CF6}.Release|iPhone.Deploy.0 = Release|iPhone
		{9B79FAF9-7D0A-4C33-B549-B230ADF41CF6}.Release|iPhoneSimulator.ActiveCfg = Release|iPhoneSimulator
		{9B79FAF9-7D0A-4C33-B549-B230ADF41CF6}.Release|iPhoneSimulator.Build.0 = Release|iPhoneSimulator
		{9B79FAF9-7D0A-4C33-B549-B230ADF41CF6}.Release|iPhoneSimulator.Deploy.0 = Release|iPhoneSimulator
		{9B79FAF9-7D0A-4C33-B549-B230ADF41CF6}.Release|x64.ActiveCfg = Release|iPhone
		{9B79FAF9-7D0A-4C33-B549-B230ADF41CF6}.Release|x64.Build.0 = Release|iPhone
		{9B79FAF9-7D0A-4C33-B549-B230ADF41CF6}.Release|x64.Deploy.0 = Release|iPhone
		{9B79FAF9-7D0A-4C33-B549-B230ADF41CF6}.Release|x86.ActiveCfg = Release|iPhone
		{9B79FAF9-7D0A-4C33-B549-B230ADF41CF6}.Release|x86.Build.0 = Release|iPhone
		{9B79FAF9-7D0A-4C33-B549-B230ADF41CF6}.Release|x86.Deploy.0 = Release|iPhone
		{6FA77974-2A8F-427A-B3A9-C8D01428C12A}.Ad-Hoc|Any CPU.ActiveCfg = Release|x86
		{6FA77974-2A8F-427A-B3A9-C8D01428C12A}.Ad-Hoc|Any CPU.Build.0 = Release|x86
		{6FA77974-2A8F-427A-B3A9-C8D01428C12A}.Ad-Hoc|Any CPU.Deploy.0 = Release|x86
		{6FA77974-2A8F-427A-B3A9-C8D01428C12A}.Ad-Hoc|ARM.ActiveCfg = Release|ARM
		{6FA77974-2A8F-427A-B3A9-C8D01428C12A}.Ad-Hoc|ARM.Build.0 = Release|ARM
		{6FA77974-2A8F-427A-B3A9-C8D01428C12A}.Ad-Hoc|ARM.Deploy.0 = Release|ARM
		{6FA77974-2A8F-427A-B3A9-C8D01428C12A}.Ad-Hoc|iPhone.ActiveCfg = Release|x86
		{6FA77974-2A8F-427A-B3A9-C8D01428C12A}.Ad-Hoc|iPhone.Build.0 = Release|x86
		{6FA77974-2A8F-427A-B3A9-C8D01428C12A}.Ad-Hoc|iPhone.Deploy.0 = Release|x86
		{6FA77974-2A8F-427A-B3A9-C8D01428C12A}.Ad-Hoc|iPhoneSimulator.ActiveCfg = Release|x86
		{6FA77974-2A8F-427A-B3A9-C8D01428C12A}.Ad-Hoc|iPhoneSimulator.Build.0 = Release|x86
		{6FA77974-2A8F-427A-B3A9-C8D01428C12A}.Ad-Hoc|iPhoneSimulator.Deploy.0 = Release|x86
		{6FA77974-2A8F-427A-B3A9-C8D01428C12A}.Ad-Hoc|x64.ActiveCfg = Release|x64
		{6FA77974-2A8F-427A-B3A9-C8D01428C12A}.Ad-Hoc|x64.Build.0 = Release|x64
		{6FA77974-2A8F-427A-B3A9-C8D01428C12A}.Ad-Hoc|x64.Deploy.0 = Release|x64
		{6FA77974-2A8F-427A-B3A9-C8D01428C12A}.Ad-Hoc|x86.ActiveCfg = Release|x86
		{6FA77974-2A8F-427A-B3A9-C8D01428C12A}.Ad-Hoc|x86.Build.0 = Release|x86
		{6FA77974-2A8F-427A-B3A9-C8D01428C12A}.Ad-Hoc|x86.Deploy.0 = Release|x86
		{6FA77974-2A8F-427A-B3A9-C8D01428C12A}.AppStore|Any CPU.ActiveCfg = Release|x86
		{6FA77974-2A8F-427A-B3A9-C8D01428C12A}.AppStore|Any CPU.Build.0 = Release|x86
		{6FA77974-2A8F-427A-B3A9-C8D01428C12A}.AppStore|Any CPU.Deploy.0 = Release|x86
		{6FA77974-2A8F-427A-B3A9-C8D01428C12A}.AppStore|ARM.ActiveCfg = Release|ARM
		{6FA77974-2A8F-427A-B3A9-C8D01428C12A}.AppStore|ARM.Build.0 = Release|ARM
		{6FA77974-2A8F-427A-B3A9-C8D01428C12A}.AppStore|ARM.Deploy.0 = Release|ARM
		{6FA77974-2A8F-427A-B3A9-C8D01428C12A}.AppStore|iPhone.ActiveCfg = Release|x86
		{6FA77974-2A8F-427A-B3A9-C8D01428C12A}.AppStore|iPhone.Build.0 = Release|x86
		{6FA77974-2A8F-427A-B3A9-C8D01428C12A}.AppStore|iPhone.Deploy.0 = Release|x86
		{6FA77974-2A8F-427A-B3A9-C8D01428C12A}.AppStore|iPhoneSimulator.ActiveCfg = Release|x86
		{6FA77974-2A8F-427A-B3A9-C8D01428C12A}.AppStore|iPhoneSimulator.Build.0 = Release|x86
		{6FA77974-2A8F-427A-B3A9-C8D01428C12A}.AppStore|iPhoneSimulator.Deploy.0 = Release|x86
		{6FA77974-2A8F-427A-B3A9-C8D01428C12A}.AppStore|x64.ActiveCfg = Release|x64
		{6FA77974-2A8F-427A-B3A9-C8D01428C12A}.AppStore|x64.Build.0 = Release|x64
		{6FA77974-2A8F-427A-B3A9-C8D01428C12A}.AppStore|x64.Deploy.0 = Release|x64
		{6FA77974-2A8F-427A-B3A9-C8D01428C12A}.AppStore|x86.ActiveCfg = Release|x86
		{6FA77974-2A8F-427A-B3A9-C8D01428C12A}.AppStore|x86.Build.0 = Release|x86
		{6FA77974-2A8F-427A-B3A9-C8D01428C12A}.AppStore|x86.Deploy.0 = Release|x86
		{6FA77974-2A8F-427A-B3A9-C8D01428C12A}.Debug|Any CPU.ActiveCfg = Debug|x86
		{6FA77974-2A8F-427A-B3A9-C8D01428C12A}.Debug|Any CPU.Build.0 = Debug|x86
		{6FA77974-2A8F-427A-B3A9-C8D01428C12A}.Debug|Any CPU.Deploy.0 = Debug|x86
		{6FA77974-2A8F-427A-B3A9-C8D01428C12A}.Debug|ARM.ActiveCfg = Debug|ARM
		{6FA77974-2A8F-427A-B3A9-C8D01428C12A}.Debug|ARM.Build.0 = Debug|ARM
		{6FA77974-2A8F-427A-B3A9-C8D01428C12A}.Debug|ARM.Deploy.0 = Debug|ARM
		{6FA77974-2A8F-427A-B3A9-C8D01428C12A}.Debug|iPhone.ActiveCfg = Debug|x86
		{6FA77974-2A8F-427A-B3A9-C8D01428C12A}.Debug|iPhone.Build.0 = Debug|x86
		{6FA77974-2A8F-427A-B3A9-C8D01428C12A}.Debug|iPhone.Deploy.0 = Debug|x86
		{6FA77974-2A8F-427A-B3A9-C8D01428C12A}.Debug|iPhoneSimulator.ActiveCfg = Debug|x86
		{6FA77974-2A8F-427A-B3A9-C8D01428C12A}.Debug|iPhoneSimulator.Build.0 = Debug|x86
		{6FA77974-2A8F-427A-B3A9-C8D01428C12A}.Debug|iPhoneSimulator.Deploy.0 = Debug|x86
		{6FA77974-2A8F-427A-B3A9-C8D01428C12A}.Debug|x64.ActiveCfg = Debug|x64
		{6FA77974-2A8F-427A-B3A9-C8D01428C12A}.Debug|x64.Build.0 = Debug|x64
		{6FA77974-2A8F-427A-B3A9-C8D01428C12A}.Debug|x64.Deploy.0 = Debug|x64
		{6FA77974-2A8F-427A-B3A9-C8D01428C12A}.Debug|x86.ActiveCfg = Debug|x86
		{6FA77974-2A8F-427A-B3A9-C8D01428C12A}.Debug|x86.Build.0 = Debug|x86
		{6FA77974-2A8F-427A-B3A9-C8D01428C12A}.Debug|x86.Deploy.0 = Debug|x86
		{6FA77974-2A8F-427A-B3A9-C8D01428C12A}.Release|Any CPU.ActiveCfg = Release|x86
		{6FA77974-2A8F-427A-B3A9-C8D01428C12A}.Release|Any CPU.Build.0 = Release|x86
		{6FA77974-2A8F-427A-B3A9-C8D01428C12A}.Release|Any CPU.Deploy.0 = Release|x86
		{6FA77974-2A8F-427A-B3A9-C8D01428C12A}.Release|ARM.ActiveCfg = Release|ARM
		{6FA77974-2A8F-427A-B3A9-C8D01428C12A}.Release|ARM.Build.0 = Release|ARM
		{6FA77974-2A8F-427A-B3A9-C8D01428C12A}.Release|ARM.Deploy.0 = Release|ARM
		{6FA77974-2A8F-427A-B3A9-C8D01428C12A}.Release|iPhone.ActiveCfg = Release|x86
		{6FA77974-2A8F-427A-B3A9-C8D01428C12A}.Release|iPhone.Build.0 = Release|x86
		{6FA77974-2A8F-427A-B3A9-C8D01428C12A}.Release|iPhone.Deploy.0 = Release|x86
		{6FA77974-2A8F-427A-B3A9-C8D01428C12A}.Release|iPhoneSimulator.ActiveCfg = Release|x86
		{6FA77974-2A8F-427A-B3A9-C8D01428C12A}.Release|iPhoneSimulator.Build.0 = Release|x86
		{6FA77974-2A8F-427A-B3A9-C8D01428C12A}.Release|iPhoneSimulator.Deploy.0 = Release|x86
		{6FA77974-2A8F-427A-B3A9-C8D01428C12A}.Release|x64.ActiveCfg = Release|x64
		{6FA77974-2A8F-427A-B3A9-C8D01428C12A}.Release|x64.Build.0 = Release|x64
		{6FA77974-2A8F-427A-B3A9-C8D01428C12A}.Release|x64.Deploy.0 = Release|x64
		{6FA77974-2A8F-427A-B3A9-C8D01428C12A}.Release|x86.ActiveCfg = Release|x86
		{6FA77974-2A8F-427A-B3A9-C8D01428C12A}.Release|x86.Build.0 = Release|x86
		{6FA77974-2A8F-427A-B3A9-C8D01428C12A}.Release|x86.Deploy.0 = Release|x86
		{759478FA-DAA9-47CF-973A-52B81C3426EB}.Ad-Hoc|Any CPU.ActiveCfg = Debug|Any CPU
		{759478FA-DAA9-47CF-973A-52B81C3426EB}.Ad-Hoc|Any CPU.Build.0 = Debug|Any CPU
		{759478FA-DAA9-47CF-973A-52B81C3426EB}.Ad-Hoc|Any CPU.Deploy.0 = Debug|Any CPU
		{759478FA-DAA9-47CF-973A-52B81C3426EB}.Ad-Hoc|ARM.ActiveCfg = Debug|Any CPU
		{759478FA-DAA9-47CF-973A-52B81C3426EB}.Ad-Hoc|ARM.Build.0 = Debug|Any CPU
		{759478FA-DAA9-47CF-973A-52B81C3426EB}.Ad-Hoc|ARM.Deploy.0 = Debug|Any CPU
		{759478FA-DAA9-47CF-973A-52B81C3426EB}.Ad-Hoc|iPhone.ActiveCfg = Debug|Any CPU
		{759478FA-DAA9-47CF-973A-52B81C3426EB}.Ad-Hoc|iPhone.Build.0 = Debug|Any CPU
		{759478FA-DAA9-47CF-973A-52B81C3426EB}.Ad-Hoc|iPhone.Deploy.0 = Debug|Any CPU
		{759478FA-DAA9-47CF-973A-52B81C3426EB}.Ad-Hoc|iPhoneSimulator.ActiveCfg = Debug|Any CPU
		{759478FA-DAA9-47CF-973A-52B81C3426EB}.Ad-Hoc|iPhoneSimulator.Build.0 = Debug|Any CPU
		{759478FA-DAA9-47CF-973A-52B81C3426EB}.Ad-Hoc|iPhoneSimulator.Deploy.0 = Debug|Any CPU
		{759478FA-DAA9-47CF-973A-52B81C3426EB}.Ad-Hoc|x64.ActiveCfg = Debug|Any CPU
		{759478FA-DAA9-47CF-973A-52B81C3426EB}.Ad-Hoc|x64.Build.0 = Debug|Any CPU
		{759478FA-DAA9-47CF-973A-52B81C3426EB}.Ad-Hoc|x64.Deploy.0 = Debug|Any CPU
		{759478FA-DAA9-47CF-973A-52B81C3426EB}.Ad-Hoc|x86.ActiveCfg = Debug|Any CPU
		{759478FA-DAA9-47CF-973A-52B81C3426EB}.Ad-Hoc|x86.Build.0 = Debug|Any CPU
		{759478FA-DAA9-47CF-973A-52B81C3426EB}.Ad-Hoc|x86.Deploy.0 = Debug|Any CPU
		{759478FA-DAA9-47CF-973A-52B81C3426EB}.AppStore|Any CPU.ActiveCfg = Debug|Any CPU
		{759478FA-DAA9-47CF-973A-52B81C3426EB}.AppStore|Any CPU.Build.0 = Debug|Any CPU
		{759478FA-DAA9-47CF-973A-52B81C3426EB}.AppStore|Any CPU.Deploy.0 = Debug|Any CPU
		{759478FA-DAA9-47CF-973A-52B81C3426EB}.AppStore|ARM.ActiveCfg = Debug|Any CPU
		{759478FA-DAA9-47CF-973A-52B81C3426EB}.AppStore|ARM.Build.0 = Debug|Any CPU
		{759478FA-DAA9-47CF-973A-52B81C3426EB}.AppStore|ARM.Deploy.0 = Debug|Any CPU
		{759478FA-DAA9-47CF-973A-52B81C3426EB}.AppStore|iPhone.ActiveCfg = Debug|Any CPU
		{759478FA-DAA9-47CF-973A-52B81C3426EB}.AppStore|iPhone.Build.0 = Debug|Any CPU
		{759478FA-DAA9-47CF-973A-52B81C3426EB}.AppStore|iPhone.Deploy.0 = Debug|Any CPU
		{759478FA-DAA9-47CF-973A-52B81C3426EB}.AppStore|iPhoneSimulator.ActiveCfg = Debug|Any CPU
		{759478FA-DAA9-47CF-973A-52B81C3426EB}.AppStore|iPhoneSimulator.Build.0 = Debug|Any CPU
		{759478FA-DAA9-47CF-973A-52B81C3426EB}.AppStore|iPhoneSimulator.Deploy.0 = Debug|Any CPU
		{759478FA-DAA9-47CF-973A-52B81C3426EB}.AppStore|x64.ActiveCfg = Debug|Any CPU
		{759478FA-DAA9-47CF-973A-52B81C3426EB}.AppStore|x64.Build.0 = Debug|Any CPU
		{759478FA-DAA9-47CF-973A-52B81C3426EB}.AppStore|x64.Deploy.0 = Debug|Any CPU
		{759478FA-DAA9-47CF-973A-52B81C3426EB}.AppStore|x86.ActiveCfg = Debug|Any CPU
		{759478FA-DAA9-47CF-973A-52B81C3426EB}.AppStore|x86.Build.0 = Debug|Any CPU
		{759478FA-DAA9-47CF-973A-52B81C3426EB}.AppStore|x86.Deploy.0 = Debug|Any CPU
		{759478FA-DAA9-47CF-973A-52B81C3426EB}.Debug|Any CPU.ActiveCfg = Debug|Any CPU
		{759478FA-DAA9-47CF-973A-52B81C3426EB}.Debug|Any CPU.Build.0 = Debug|Any CPU
		{759478FA-DAA9-47CF-973A-52B81C3426EB}.Debug|Any CPU.Deploy.0 = Debug|Any CPU
		{759478FA-DAA9-47CF-973A-52B81C3426EB}.Debug|ARM.ActiveCfg = Debug|Any CPU
		{759478FA-DAA9-47CF-973A-52B81C3426EB}.Debug|ARM.Build.0 = Debug|Any CPU
		{759478FA-DAA9-47CF-973A-52B81C3426EB}.Debug|ARM.Deploy.0 = Debug|Any CPU
		{759478FA-DAA9-47CF-973A-52B81C3426EB}.Debug|iPhone.ActiveCfg = Debug|Any CPU
		{759478FA-DAA9-47CF-973A-52B81C3426EB}.Debug|iPhone.Build.0 = Debug|Any CPU
		{759478FA-DAA9-47CF-973A-52B81C3426EB}.Debug|iPhone.Deploy.0 = Debug|Any CPU
		{759478FA-DAA9-47CF-973A-52B81C3426EB}.Debug|iPhoneSimulator.ActiveCfg = Debug|Any CPU
		{759478FA-DAA9-47CF-973A-52B81C3426EB}.Debug|iPhoneSimulator.Build.0 = Debug|Any CPU
		{759478FA-DAA9-47CF-973A-52B81C3426EB}.Debug|iPhoneSimulator.Deploy.0 = Debug|Any CPU
		{759478FA-DAA9-47CF-973A-52B81C3426EB}.Debug|x64.ActiveCfg = Debug|Any CPU
		{759478FA-DAA9-47CF-973A-52B81C3426EB}.Debug|x64.Build.0 = Debug|Any CPU
		{759478FA-DAA9-47CF-973A-52B81C3426EB}.Debug|x64.Deploy.0 = Debug|Any CPU
		{759478FA-DAA9-47CF-973A-52B81C3426EB}.Debug|x86.ActiveCfg = Debug|Any CPU
		{759478FA-DAA9-47CF-973A-52B81C3426EB}.Debug|x86.Build.0 = Debug|Any CPU
		{759478FA-DAA9-47CF-973A-52B81C3426EB}.Debug|x86.Deploy.0 = Debug|Any CPU
		{759478FA-DAA9-47CF-973A-52B81C3426EB}.Release|Any CPU.ActiveCfg = Release|Any CPU
		{759478FA-DAA9-47CF-973A-52B81C3426EB}.Release|Any CPU.Build.0 = Release|Any CPU
		{759478FA-DAA9-47CF-973A-52B81C3426EB}.Release|Any CPU.Deploy.0 = Release|Any CPU
		{759478FA-DAA9-47CF-973A-52B81C3426EB}.Release|ARM.ActiveCfg = Release|Any CPU
		{759478FA-DAA9-47CF-973A-52B81C3426EB}.Release|ARM.Build.0 = Release|Any CPU
		{759478FA-DAA9-47CF-973A-52B81C3426EB}.Release|ARM.Deploy.0 = Release|Any CPU
		{759478FA-DAA9-47CF-973A-52B81C3426EB}.Release|iPhone.ActiveCfg = Release|Any CPU
		{759478FA-DAA9-47CF-973A-52B81C3426EB}.Release|iPhone.Build.0 = Release|Any CPU
		{759478FA-DAA9-47CF-973A-52B81C3426EB}.Release|iPhone.Deploy.0 = Release|Any CPU
		{759478FA-DAA9-47CF-973A-52B81C3426EB}.Release|iPhoneSimulator.ActiveCfg = Release|Any CPU
		{759478FA-DAA9-47CF-973A-52B81C3426EB}.Release|iPhoneSimulator.Build.0 = Release|Any CPU
		{759478FA-DAA9-47CF-973A-52B81C3426EB}.Release|iPhoneSimulator.Deploy.0 = Release|Any CPU
		{759478FA-DAA9-47CF-973A-52B81C3426EB}.Release|x64.ActiveCfg = Release|Any CPU
		{759478FA-DAA9-47CF-973A-52B81C3426EB}.Release|x64.Build.0 = Release|Any CPU
		{759478FA-DAA9-47CF-973A-52B81C3426EB}.Release|x64.Deploy.0 = Release|Any CPU
		{759478FA-DAA9-47CF-973A-52B81C3426EB}.Release|x86.ActiveCfg = Release|Any CPU
		{759478FA-DAA9-47CF-973A-52B81C3426EB}.Release|x86.Build.0 = Release|Any CPU
		{759478FA-DAA9-47CF-973A-52B81C3426EB}.Release|x86.Deploy.0 = Release|Any CPU
	EndGlobalSection
	GlobalSection(SolutionProperties) = preSolution
		HideSolutionNode = FALSE
	EndGlobalSection
	GlobalSection(ExtensibilityGlobals) = postSolution
		SolutionGuid = {6FF1F0EA-A45F-4F30-ACB5-01721596D709}
	EndGlobalSection
EndGlobal
